# generated by rye
# use `rye lock` or `rye sync` to update this lockfile
#
# last locked with the following flags:
#   pre: false
#   features: []
#   all-features: false
#   with-sources: false
#   generate-hashes: false
#   universal: false

-e file:.
asttokens==2.4.1
    # via stack-data
babel==2.16.0
    # via mkdocs-material
blinker==1.8.2
    # via flask
certifi==2024.8.30
    # via requests
charset-normalizer==3.4.0
    # via requests
click==8.1.7
    # via dask
    # via flask
    # via mkdocs
cloudpickle==3.1.0
    # via dask
colorama==0.4.6
    # via mkdocs-material
dask==2024.10.0
    # via dask-expr
dask-expr==1.1.16
decorator==5.1.1
    # via ipdb
    # via ipython
docopt==0.6.2
    # via grip
exceptiongroup==1.2.0
    # via ipython
    # via pytest
executing==2.0.1
    # via stack-data
flask==3.0.3
    # via grip
fsspec==2024.10.0
    # via dask
    # via wimsey
ghp-import==2.1.0
    # via mkdocs
grip==4.6.2
idna==3.10
    # via requests
importlib-metadata==8.5.0
    # via dask
iniconfig==2.0.0
    # via pytest
ipdb==0.13.13
ipython==8.21.0
    # via ipdb
itsdangerous==2.2.0
    # via flask
jedi==0.19.1
    # via ipython
jinja2==3.1.4
    # via flask
    # via mkdocs
    # via mkdocs-material
locket==1.0.0
    # via partd
markdown==3.7
    # via grip
    # via mkdocs
    # via mkdocs-material
    # via pymdown-extensions
markupsafe==3.0.2
    # via jinja2
    # via mkdocs
    # via werkzeug
matplotlib-inline==0.1.6
    # via ipython
mergedeep==1.3.4
    # via mkdocs
    # via mkdocs-get-deps
mkdocs==1.6.1
    # via mkdocs-charts-plugin
    # via mkdocs-material
mkdocs-charts-plugin==0.0.12
mkdocs-get-deps==0.2.0
    # via mkdocs
mkdocs-material==9.5.42
mkdocs-material-extensions==1.3.1
    # via mkdocs-material
mypy==1.13.0
mypy-extensions==1.0.0
    # via mypy
narwhals==1.10.0
    # via wimsey
numpy==2.1.2
    # via pandas
    # via pyarrow
packaging==24.1
    # via dask
    # via mkdocs
    # via pytest
paginate==0.5.7
    # via mkdocs-material
pandas==2.2.3
    # via dask-expr
parso==0.8.3
    # via jedi
partd==1.4.2
    # via dask
path-and-address==2.0.1
    # via grip
pathspec==0.12.1
    # via mkdocs
pexpect==4.9.0
    # via ipython
platformdirs==4.3.6
    # via mkdocs-get-deps
pluggy==1.5.0
    # via pytest
polars==1.10.0
prompt-toolkit==3.0.43
    # via ipython
ptyprocess==0.7.0
    # via pexpect
pure-eval==0.2.2
    # via stack-data
pyarrow==17.0.0
    # via dask-expr
pygments==2.17.2
    # via grip
    # via ipython
    # via mkdocs-material
pymdown-extensions==10.11.2
    # via mkdocs-charts-plugin
    # via mkdocs-material
pytest==8.3.3
python-dateutil==2.9.0.post0
    # via ghp-import
    # via pandas
pytz==2024.2
    # via pandas
pyyaml==6.0.2
    # via dask
    # via mkdocs
    # via mkdocs-get-deps
    # via pymdown-extensions
    # via pyyaml-env-tag
pyyaml-env-tag==0.1
    # via mkdocs
regex==2024.9.11
    # via mkdocs-material
requests==2.32.3
    # via grip
    # via mkdocs-material
six==1.16.0
    # via asttokens
    # via python-dateutil
stack-data==0.6.3
    # via ipython
tomli==2.0.1
    # via ipdb
    # via mypy
    # via pytest
toolz==1.0.0
    # via dask
    # via partd
traitlets==5.14.1
    # via ipython
    # via matplotlib-inline
types-pyyaml==6.0.12.20240917
typing-extensions==4.12.2
    # via mypy
tzdata==2024.2
    # via pandas
urllib3==2.2.3
    # via requests
watchdog==5.0.3
    # via mkdocs
wcwidth==0.2.13
    # via prompt-toolkit
werkzeug==3.0.6
    # via flask
    # via grip
zipp==3.20.2
    # via importlib-metadata
